// !$*UTF8*$!
{
	archiveVersion = 1;
	classes = {
	};
	objectVersion = 55;
	objects = {

/* Begin PBXBuildFile section */
		C0076142275FEDE30089D536 /* AppDelegate.swift in Sources */ = {isa = PBXBuildFile; fileRef = C0076141275FEDE30089D536 /* AppDelegate.swift */; };
		C0076144275FEDE30089D536 /* SceneDelegate.swift in Sources */ = {isa = PBXBuildFile; fileRef = C0076143275FEDE30089D536 /* SceneDelegate.swift */; };
		C0076146275FEDE30089D536 /* ViewController.swift in Sources */ = {isa = PBXBuildFile; fileRef = C0076145275FEDE30089D536 /* ViewController.swift */; };
		C0076149275FEDE30089D536 /* Main.storyboard in Resources */ = {isa = PBXBuildFile; fileRef = C0076147275FEDE30089D536 /* Main.storyboard */; };
		C007614C275FEDE30089D536 /* test.xcdatamodeld in Sources */ = {isa = PBXBuildFile; fileRef = C007614A275FEDE30089D536 /* test.xcdatamodeld */; };
		C007614E275FEDE80089D536 /* Assets.xcassets in Resources */ = {isa = PBXBuildFile; fileRef = C007614D275FEDE80089D536 /* Assets.xcassets */; };
		C0076151275FEDE80089D536 /* LaunchScreen.storyboard in Resources */ = {isa = PBXBuildFile; fileRef = C007614F275FEDE80089D536 /* LaunchScreen.storyboard */; };
		C007615C275FEDE90089D536 /* testTests.swift in Sources */ = {isa = PBXBuildFile; fileRef = C007615B275FEDE90089D536 /* testTests.swift */; };
		C0076166275FEDE90089D536 /* testUITests.swift in Sources */ = {isa = PBXBuildFile; fileRef = C0076165275FEDE90089D536 /* testUITests.swift */; };
		C0076168275FEDE90089D536 /* testUITestsLaunchTests.swift in Sources */ = {isa = PBXBuildFile; fileRef = C0076167275FEDE90089D536 /* testUITestsLaunchTests.swift */; };
		C0076177275FEF590089D536 /* SecondVController.swift in Sources */ = {isa = PBXBuildFile; fileRef = C0076176275FEF590089D536 /* SecondVController.swift */; };
/* End PBXBuildFile section */

/* Begin PBXContainerItemProxy section */
		C0076158275FEDE90089D536 /* PBXContainerItemProxy */ = {
			isa = PBXContainerItemProxy;
			containerPortal = C0076136275FEDE20089D536 /* Project object */;
			proxyType = 1;
			remoteGlobalIDString = C007613D275FEDE20089D536;
			remoteInfo = test;
		};
		C0076162275FEDE90089D536 /* PBXContainerItemProxy */ = {
			isa = PBXContainerItemProxy;
			containerPortal = C0076136275FEDE20089D536 /* Project object */;
			proxyType = 1;
			remoteGlobalIDString = C007613D275FEDE20089D536;
			remoteInfo = test;
		};
/* End PBXContainerItemProxy section */

/* Begin PBXFileReference section */
		C007613E275FEDE20089D536 /* test.app */ = {isa = PBXFileReference; explicitFileType = wrapper.application; includeInIndex = 0; path = test.app; sourceTree = BUILT_PRODUCTS_DIR; };
		C0076141275FEDE30089D536 /* AppDelegate.swift */ = {isa = PBXFileReference; lastKnownFileType = sourcecode.swift; path = AppDelegate.swift; sourceTree = "<group>"; };
		C0076143275FEDE30089D536 /* SceneDelegate.swift */ = {isa = PBXFileReference; lastKnownFileType = sourcecode.swift; path = SceneDelegate.swift; sourceTree = "<group>"; };
		C0076145275FEDE30089D536 /* ViewController.swift */ = {isa = PBXFileReference; lastKnownFileType = sourcecode.swift; path = ViewController.swift; sourceTree = "<group>"; };
		C0076148275FEDE30089D536 /* Base */ = {isa = PBXFileReference; lastKnownFileType = file.storyboard; name = Base; path = Base.lproj/Main.storyboard; sourceTree = "<group>"; };
		C007614B275FEDE30089D536 /* test.xcdatamodel */ = {isa = PBXFileReference; lastKnownFileType = wrapper.xcdatamodel; path = test.xcdatamodel; sourceTree = "<group>"; };
		C007614D275FEDE80089D536 /* Assets.xcassets */ = {isa = PBXFileReference; lastKnownFileType = folder.assetcatalog; path = Assets.xcassets; sourceTree = "<group>"; };
		C0076150275FEDE80089D536 /* Base */ = {isa = PBXFileReference; lastKnownFileType = file.storyboard; name = Base; path = Base.lproj/LaunchScreen.storyboard; sourceTree = "<group>"; };
		C0076152275FEDE80089D536 /* Info.plist */ = {isa = PBXFileReference; lastKnownFileType = text.plist.xml; path = Info.plist; sourceTree = "<group>"; };
		C0076157275FEDE90089D536 /* testTests.xctest */ = {isa = PBXFileReference; explicitFileType = wrapper.cfbundle; includeInIndex = 0; path = testTests.xctest; sourceTree = BUILT_PRODUCTS_DIR; };
		C007615B275FEDE90089D536 /* testTests.swift */ = {isa = PBXFileReference; lastKnownFileType = sourcecode.swift; path = testTests.swift; sourceTree = "<group>"; };
		C0076161275FEDE90089D536 /* testUITests.xctest */ = {isa = PBXFileReference; explicitFileType = wrapper.cfbundle; includeInIndex = 0; path = testUITests.xctest; sourceTree = BUILT_PRODUCTS_DIR; };
		C0076165275FEDE90089D536 /* testUITests.swift */ = {isa = PBXFileReference; lastKnownFileType = sourcecode.swift; path = testUITests.swift; sourceTree = "<group>"; };
		C0076167275FEDE90089D536 /* testUITestsLaunchTests.swift */ = {isa = PBXFileReference; lastKnownFileType = sourcecode.swift; path = testUITestsLaunchTests.swift; sourceTree = "<group>"; };
		C0076176275FEF590089D536 /* SecondVController.swift */ = {isa = PBXFileReference; lastKnownFileType = sourcecode.swift; path = SecondVController.swift; sourceTree = "<group>"; };
/* End PBXFileReference section */

/* Begin PBXFrameworksBuildPhase section */
		C007613B275FEDE20089D536 /* Frameworks */ = {
			isa = PBXFrameworksBuildPhase;
			buildActionMask = 2147483647;
			files = (
			);
			runOnlyForDeploymentPostprocessing = 0;
		};
		C0076154275FEDE90089D536 /* Frameworks */ = {
			isa = PBXFrameworksBuildPhase;
			buildActionMask = 2147483647;
			files = (
			);
			runOnlyForDeploymentPostprocessing = 0;
		};
		C007615E275FEDE90089D536 /* Frameworks */ = {
			isa = PBXFrameworksBuildPhase;
			buildActionMask = 2147483647;
			files = (
			);
			runOnlyForDeploymentPostprocessing = 0;
		};
/* End PBXFrameworksBuildPhase section */

/* Begin PBXGroup section */
		C0076135275FEDE20089D536 = {
			isa = PBXGroup;
			children = (
				C0076140275FEDE20089D536 /* test */,
				C007615A275FEDE90089D536 /* testTests */,
				C0076164275FEDE90089D536 /* testUITests */,
				C007613F275FEDE20089D536 /* Products */,
			);
			sourceTree = "<group>";
		};
		C007613F275FEDE20089D536 /* Products */ = {
			isa = PBXGroup;
			children = (
				C007613E275FEDE20089D536 /* test.app */,
				C0076157275FEDE90089D536 /* testTests.xctest */,
				C0076161275FEDE90089D536 /* testUITests.xctest */,
			);
			name = Products;
			sourceTree = "<group>";
		};
		C0076140275FEDE20089D536 /* test */ = {
			isa = PBXGroup;
			children = (
				C0076141275FEDE30089D536 /* AppDelegate.swift */,
				C0076143275FEDE30089D536 /* SceneDelegate.swift */,
				C0076145275FEDE30089D536 /* ViewController.swift */,
				C0076147275FEDE30089D536 /* Main.storyboard */,
				C007614D275FEDE80089D536 /* Assets.xcassets */,
				C007614F275FEDE80089D536 /* LaunchScreen.storyboard */,
				C0076152275FEDE80089D536 /* Info.plist */,
				C007614A275FEDE30089D536 /* test.xcdatamodeld */,
				C0076176275FEF590089D536 /* SecondVController.swift */,
			);
			path = test;
			sourceTree = "<group>";
		};
		C007615A275FEDE90089D536 /* testTests */ = {
			isa = PBXGroup;
			children = (
				C007615B275FEDE90089D536 /* testTests.swift */,
			);
			path = testTests;
			sourceTree = "<group>";
		};
		C0076164275FEDE90089D536 /* testUITests */ = {
			isa = PBXGroup;
			children = (
				C0076165275FEDE90089D536 /* testUITests.swift */,
				C0076167275FEDE90089D536 /* testUITestsLaunchTests.swift */,
			);
			path = testUITests;
			sourceTree = "<group>";
		};
/* End PBXGroup section */

/* Begin PBXNativeTarget section */
		C007613D275FEDE20089D536 /* test */ = {
			isa = PBXNativeTarget;
			buildConfigurationList = C007616B275FEDE90089D536 /* Build configuration list for PBXNativeTarget "test" */;
			buildPhases = (
				C007613A275FEDE20089D536 /* Sources */,
				C007613B275FEDE20089D536 /* Frameworks */,
				C007613C275FEDE20089D536 /* Resources */,
			);
			buildRules = (
			);
			dependencies = (
			);
			name = test;
			productName = test;
			productReference = C007613E275FEDE20089D536 /* test.app */;
			productType = "com.apple.product-type.application";
		};
		C0076156275FEDE90089D536 /* testTests */ = {
			isa = PBXNativeTarget;
			buildConfigurationList = C007616E275FEDE90089D536 /* Build configuration list for PBXNativeTarget "testTests" */;
			buildPhases = (
				C0076153275FEDE90089D536 /* Sources */,
				C0076154275FEDE90089D536 /* Frameworks */,
				C0076155275FEDE90089D536 /* Resources */,
			);
			buildRules = (
			);
			dependencies = (
				C0076159275FEDE90089D536 /* PBXTargetDependency */,
			);
			name = testTests;
			productName = testTests;
			productReference = C0076157275FEDE90089D536 /* testTests.xctest */;
			productType = "com.apple.product-type.bundle.unit-test";
		};
		C0076160275FEDE90089D536 /* testUITests */ = {
			isa = PBXNativeTarget;
			buildConfigurationList = C0076171275FEDE90089D536 /* Build configuration list for PBXNativeTarget "testUITests" */;
			buildPhases = (
				C007615D275FEDE90089D536 /* Sources */,
				C007615E275FEDE90089D536 /* Frameworks */,
				C007615F275FEDE90089D536 /* Resources */,
			);
			buildRules = (
			);
			dependencies = (
				C0076163275FEDE90089D536 /* PBXTargetDependency */,
			);
			name = testUITests;
			productName = testUITests;
			productReference = C0076161275FEDE90089D536 /* testUITests.xctest */;
			productType = "com.apple.product-type.bundle.ui-testing";
		};
/* End PBXNativeTarget section */

/* Begin PBXProject section */
		C0076136275FEDE20089D536 /* Project object */ = {
			isa = PBXProject;
			attributes = {
				BuildIndependentTargetsInParallel = 1;
				LastSwiftUpdateCheck = 1300;
				LastUpgradeCheck = 1300;
				TargetAttributes = {
					C007613D275FEDE20089D536 = {
						CreatedOnToolsVersion = 13.0;
					};
					C0076156275FEDE90089D536 = {
						CreatedOnToolsVersion = 13.0;
						TestTargetID = C007613D275FEDE20089D536;
					};
					C0076160275FEDE90089D536 = {
						CreatedOnToolsVersion = 13.0;
						TestTargetID = C007613D275FEDE20089D536;
					};
				};
			};
			buildConfigurationList = C0076139275FEDE20089D536 /* Build configuration list for PBXProject "test" */;
			compatibilityVersion = "Xcode 13.0";
			developmentRegion = en;
			hasScannedForEncodings = 0;
			knownRegions = (
				en,
				Base,
			);
			mainGroup = C0076135275FEDE20089D536;
			productRefGroup = C007613F275FEDE20089D536 /* Products */;
			projectDirPath = "";
			projectRoot = "";
			targets = (
				C007613D275FEDE20089D536 /* test */,
				C0076156275FEDE90089D536 /* testTests */,
				C0076160275FEDE90089D536 /* testUITests */,
			);
		};
/* End PBXProject section */

/* Begin PBXResourcesBuildPhase section */
		C007613C275FEDE20089D536 /* Resources */ = {
			isa = PBXResourcesBuildPhase;
			buildActionMask = 2147483647;
			files = (
				C0076151275FEDE80089D536 /* LaunchScreen.storyboard in Resources */,
				C007614E275FEDE80089D536 /* Assets.xcassets in Resources */,
				C0076149275FEDE30089D536 /* Main.storyboard in Resources */,
			);
			runOnlyForDeploymentPostprocessing = 0;
		};
		C0076155275FEDE90089D536 /* Resources */ = {
			isa = PBXResourcesBuildPhase;
			buildActionMask = 2147483647;
			files = (
			);
			runOnlyForDeploymentPostprocessing = 0;
		};
		C007615F275FEDE90089D536 /* Resources */ = {
			isa = PBXResourcesBuildPhase;
			buildActionMask = 2147483647;
			files = (
			);
			runOnlyForDeploymentPostprocessing = 0;
		};
/* End PBXResourcesBuildPhase section */

/* Begin PBXSourcesBuildPhase section */
		C007613A275FEDE20089D536 /* Sources */ = {
			isa = PBXSourcesBuildPhase;
			buildActionMask = 2147483647;
			files = (
				C0076146275FEDE30089D536 /* ViewController.swift in Sources */,
				C007614C275FEDE30089D536 /* test.xcdatamodeld in Sources */,
				C0076142275FEDE30089D536 /* AppDelegate.swift in Sources */,
				C0076177275FEF590089D536 /* SecondVController.swift in Sources */,
				C0076144275FEDE30089D536 /* SceneDelegate.swift in Sources */,
			);
			runOnlyForDeploymentPostprocessing = 0;
		};
		C0076153275FEDE90089D536 /* Sources */ = {
			isa = PBXSourcesBuildPhase;
			buildActionMask = 2147483647;
			files = (
				C007615C275FEDE90089D536 /* testTests.swift in Sources */,
			);
			runOnlyForDeploymentPostprocessing = 0;
		};
		C007615D275FEDE90089D536 /* Sources */ = {
			isa = PBXSourcesBuildPhase;
			buildActionMask = 2147483647;
			files = (
				C0076168275FEDE90089D536 /* testUITestsLaunchTests.swift in Sources */,
				C0076166275FEDE90089D536 /* testUITests.swift in Sources */,
			);
			runOnlyForDeploymentPostprocessing = 0;
		};
/* End PBXSourcesBuildPhase section */

/* Begin PBXTargetDependency section */
		C0076159275FEDE90089D536 /* PBXTargetDependency */ = {
			isa = PBXTargetDependency;
			target = C007613D275FEDE20089D536 /* test */;
			targetProxy = C0076158275FEDE90089D536 /* PBXContainerItemProxy */;
		};
		C0076163275FEDE90089D536 /* PBXTargetDependency */ = {
			isa = PBXTargetDependency;
			target = C007613D275FEDE20089D536 /* test */;
			targetProxy = C0076162275FEDE90089D536 /* PBXContainerItemProxy */;
		};
/* End PBXTargetDependency section */

/* Begin PBXVariantGroup section */
		C0076147275FEDE30089D536 /* Main.storyboard */ = {
			isa = PBXVariantGroup;
			children = (
				C0076148275FEDE30089D536 /* Base */,
			);
			name = Main.storyboard;
			sourceTree = "<group>";
		};
		C007614F275FEDE80089D536 /* LaunchScreen.storyboard */ = {
			isa = PBXVariantGroup;
			children = (
				C0076150275FEDE80089D536 /* Base */,
			);
			name = LaunchScreen.storyboard;
			sourceTree = "<group>";
		};
/* End PBXVariantGroup section */

/* Begin XCBuildConfiguration section */
		C0076169275FEDE90089D536 /* Debug */ = {
			isa = XCBuildConfiguration;
			buildSettings = {
				ALWAYS_SEARCH_USER_PATHS = NO;
				CLANG_ANALYZER_NONNULL = YES;
				CLANG_ANALYZER_NUMBER_OBJECT_CONVERSION = YES_AGGRESSIVE;
				CLANG_CXX_LANGUAGE_STANDARD = "gnu++17";
				CLANG_CXX_LIBRARY = "libc++";
				CLANG_ENABLE_MODULES = YES;
				CLANG_ENABLE_OBJC_ARC = YES;
				CLANG_ENABLE_OBJC_WEAK = YES;
				CLANG_WARN_BLOCK_CAPTURE_AUTORELEASING = YES;
				CLANG_WARN_BOOL_CONVERSION = YES;
				CLANG_WARN_COMMA = YES;
				CLANG_WARN_CONSTANT_CONVERSION = YES;
				CLANG_WARN_DEPRECATED_OBJC_IMPLEMENTATIONS = YES;
				CLANG_WARN_DIRECT_OBJC_ISA_USAGE = YES_ERROR;
				CLANG_WARN_DOCUMENTATION_COMMENTS = YES;
				CLANG_WARN_EMPTY_BODY = YES;
				CLANG_WARN_ENUM_CONVERSION = YES;
				CLANG_WARN_INFINITE_RECURSION = YES;
				CLANG_WARN_INT_CONVERSION = YES;
				CLANG_WARN_NON_LITERAL_NULL_CONVERSION = YES;
				CLANG_WARN_OBJC_IMPLICIT_RETAIN_SELF = YES;
				CLANG_WARN_OBJC_LITERAL_CONVERSION = YES;
				CLANG_WARN_OBJC_ROOT_CLASS = YES_ERROR;
				CLANG_WARN_QUOTED_INCLUDE_IN_FRAMEWORK_HEADER = YES;
				CLANG_WARN_RANGE_LOOP_ANALYSIS = YES;
				CLANG_WARN_STRICT_PROTOTYPES = YES;
				CLANG_WARN_SUSPICIOUS_MOVE = YES;
				CLANG_WARN_UNGUARDED_AVAILABILITY = YES_AGGRESSIVE;
				CLANG_WARN_UNREACHABLE_CODE = YES;
				CLANG_WARN__DUPLICATE_METHOD_MATCH = YES;
				COPY_PHASE_STRIP = NO;
				DEBUG_INFORMATION_FORMAT = dwarf;
				ENABLE_STRICT_OBJC_MSGSEND = YES;
				ENABLE_TESTABILITY = YES;
				GCC_C_LANGUAGE_STANDARD = gnu11;
				GCC_DYNAMIC_NO_PIC = NO;
				GCC_NO_COMMON_BLOCKS = YES;
				GCC_OPTIMIZATION_LEVEL = 0;
				GCC_PREPROCESSOR_DEFINITIONS = (
					"DEBUG=1",
					"$(inherited)",
				);
				GCC_WARN_64_TO_32_BIT_CONVERSION = YES;
				GCC_WARN_ABOUT_RETURN_TYPE = YES_ERROR;
				GCC_WARN_UNDECLARED_SELECTOR = YES;
				GCC_WARN_UNINITIALIZED_AUTOS = YES_AGGRESSIVE;
				GCC_WARN_UNUSED_FUNCTION = YES;
				GCC_WARN_UNUSED_VARIABLE = YES;
				IPHONEOS_DEPLOYMENT_TARGET = 15.0;
				MTL_ENABLE_DEBUG_INFO = INCLUDE_SOURCE;
				MTL_FAST_MATH = YES;
				ONLY_ACTIVE_ARCH = YES;
				SDKROOT = iphoneos;
				SWIFT_ACTIVE_COMPILATION_CONDITIONS = DEBUG;
				SWIFT_OPTIMIZATION_LEVEL = "-Onone";
			};
			name = Debug;
		};
		C007616A275FEDE90089D536 /* Release */ = {
			isa = XCBuildConfiguration;
			buildSettings = {
				ALWAYS_SEARCH_USER_PATHS = NO;
				CLANG_ANALYZER_NONNULL = YES;
				CLANG_ANALYZER_NUMBER_OBJECT_CONVERSION = YES_AGGRESSIVE;
				CLANG_CXX_LANGUAGE_STANDARD = "gnu++17";
				CLANG_CXX_LIBRARY = "libc++";
				CLANG_ENABLE_MODULES = YES;
				CLANG_ENABLE_OBJC_ARC = YES;
				CLANG_ENABLE_OBJC_WEAK = YES;
				CLANG_WARN_BLOCK_CAPTURE_AUTORELEASING = YES;
				CLANG_WARN_BOOL_CONVERSION = YES;
				CLANG_WARN_COMMA = YES;
				CLANG_WARN_CONSTANT_CONVERSION = YES;
				CLANG_WARN_DEPRECATED_OBJC_IMPLEMENTATIONS = YES;
				CLANG_WARN_DIRECT_OBJC_ISA_USAGE = YES_ERROR;
				CLANG_WARN_DOCUMENTATION_COMMENTS = YES;
				CLANG_WARN_EMPTY_BODY = YES;
				CLANG_WARN_ENUM_CONVERSION = YES;
				CLANG_WARN_INFINITE_RECURSION = YES;
				CLANG_WARN_INT_CONVERSION = YES;
				CLANG_WARN_NON_LITERAL_NULL_CONVERSION = YES;
				CLANG_WARN_OBJC_IMPLICIT_RETAIN_SELF = YES;
				CLANG_WARN_OBJC_LITERAL_CONVERSION = YES;
				CLANG_WARN_OBJC_ROOT_CLASS = YES_ERROR;
				CLANG_WARN_QUOTED_INCLUDE_IN_FRAMEWORK_HEADER = YES;
				CLANG_WARN_RANGE_LOOP_ANALYSIS = YES;
				CLANG_WARN_STRICT_PROTOTYPES = YES;
				CLANG_WARN_SUSPICIOUS_MOVE = YES;
				CLANG_WARN_UNGUARDED_AVAILABILITY = YES_AGGRESSIVE;
				CLANG_WARN_UNREACHABLE_CODE = YES;
				CLANG_WARN__DUPLICATE_METHOD_MATCH = YES;
				COPY_PHASE_STRIP = NO;
				DEBUG_INFORMATION_FORMAT = "dwarf-with-dsym";
				ENABLE_NS_ASSERTIONS = NO;
				ENABLE_STRICT_OBJC_MSGSEND = YES;
				GCC_C_LANGUAGE_STANDARD = gnu11;
				GCC_NO_COMMON_BLOCKS = YES;
				GCC_WARN_64_TO_32_BIT_CONVERSION = YES;
				GCC_WARN_ABOUT_RETURN_TYPE = YES_ERROR;
				GCC_WARN_UNDECLARED_SELECTOR = YES;
				GCC_WARN_UNINITIALIZED_AUTOS = YES_AGGRESSIVE;
				GCC_WARN_UNUSED_FUNCTION = YES;
				GCC_WARN_UNUSED_VARIABLE = YES;
				IPHONEOS_DEPLOYMENT_TARGET = 15.0;
				MTL_ENABLE_DEBUG_INFO = NO;
				MTL_FAST_MATH = YES;
				SDKROOT = iphoneos;
				SWIFT_COMPILATION_MODE = wholemodule;
				SWIFT_OPTIMIZATION_LEVEL = "-O";
				VALIDATE_PRODUCT = YES;
			};
			name = Release;
		};
		C007616C275FEDE90089D536 /* Debug */ = {
			isa = XCBuildConfiguration;
			buildSettings = {
				ASSETCATALOG_COMPILER_APPICON_NAME = AppIcon;
				ASSETCATALOG_COMPILER_GLOBAL_ACCENT_COLOR_NAME = AccentColor;
				CODE_SIGN_STYLE = Automatic;
				CURRENT_PROJECT_VERSION = 1;
				DEVELOPMENT_TEAM = 5U8F75G899;
				GENERATE_INFOPLIST_FILE = YES;
				INFOPLIST_FILE = test/Info.plist;
				INFOPLIST_KEY_UIApplicationSupportsIndirectInputEvents = YES;
				INFOPLIST_KEY_UILaunchStoryboardName = LaunchScreen;
				INFOPLIST_KEY_UIMainStoryboardFile = Main;
				INFOPLIST_KEY_UISupportedInterfaceOrientations_iPad = "UIInterfaceOrientationPortrait UIInterfaceOrientationPortraitUpsideDown UIInterfaceOrientationLandscapeLeft UIInterfaceOrientationLandscapeRight";
				INFOPLIST_KEY_UISupportedInterfaceOrientations_iPhone = "UIInterfaceOrientationPortrait UIInterfaceOrientationLandscapeLeft UIInterfaceOrientationLandscapeRight";
				LD_RUNPATH_SEARCH_PATHS = (
					"$(inherited)",
					"@executable_path/Frameworks",
				);
				MARKETING_VERSION = 1.0;
				PRODUCT_BUNDLE_IDENTIFIER = com.JGTobares.test;
				PRODUCT_NAME = "$(TARGET_NAME)";
				SWIFT_EMIT_LOC_STRINGS = YES;
				SWIFT_VERSION = 5.0;
				TARGETED_DEVICE_FAMILY = "1,2";
			};
			name = Debug;
		};
		C007616D275FEDE90089D536 /* Release */ = {
			isa = XCBuildConfiguration;
			buildSettings = {
				ASSETCATALOG_COMPILER_APPICON_NAME = AppIcon;
				ASSETCATALOG_COMPILER_GLOBAL_ACCENT_COLOR_NAME = AccentColor;
				CODE_SIGN_STYLE = Automatic;
				CURRENT_PROJECT_VERSION = 1;
				DEVELOPMENT_TEAM = 5U8F75G899;
				GENERATE_INFOPLIST_FILE = YES;
				INFOPLIST_FILE = test/Info.plist;
				INFOPLIST_KEY_UIApplicationSupportsIndirectInputEvents = YES;
				INFOPLIST_KEY_UILaunchStoryboardName = LaunchScreen;
				INFOPLIST_KEY_UIMainStoryboardFile = Main;
				INFOPLIST_KEY_UISupportedInterfaceOrientations_iPad = "UIInterfaceOrientationPortrait UIInterfaceOrientationPortraitUpsideDown UIInterfaceOrientationLandscapeLeft UIInterfaceOrientationLandscapeRight";
				INFOPLIST_KEY_UISupportedInterfaceOrientations_iPhone = "UIInterfaceOrientationPortrait UIInterfaceOrientationLandscapeLeft UIInterfaceOrientationLandscapeRight";
				LD_RUNPATH_SEARCH_PATHS = (
					"$(inherited)",
					"@executable_path/Frameworks",
				);
				MARKETING_VERSION = 1.0;
				PRODUCT_BUNDLE_IDENTIFIER = com.JGTobares.test;
				PRODUCT_NAME = "$(TARGET_NAME)";
				SWIFT_EMIT_LOC_STRINGS = YES;
				SWIFT_VERSION = 5.0;
				TARGETED_DEVICE_FAMILY = "1,2";
			};
			name = Release;
		};
		C007616F275FEDE90089D536 /* Debug */ = {
			isa = XCBuildConfiguration;
			buildSettings = {
				ALWAYS_EMBED_SWIFT_STANDARD_LIBRARIES = YES;
				BUNDLE_LOADER = "$(TEST_HOST)";
				CODE_SIGN_STYLE = Automatic;
				CURRENT_PROJECT_VERSION = 1;
				DEVELOPMENT_TEAM = 5U8F75G899;
				GENERATE_INFOPLIST_FILE = YES;
				IPHONEOS_DEPLOYMENT_TARGET = 15.0;
				LD_RUNPATH_SEARCH_PATHS = (
					"$(inherited)",
					"@executable_path/Frameworks",
					"@loader_path/Frameworks",
				);
				MARKETING_VERSION = 1.0;
				PRODUCT_BUNDLE_IDENTIFIER = com.JGTobares.testTests;
				PRODUCT_NAME = "$(TARGET_NAME)";
				SWIFT_EMIT_LOC_STRINGS = NO;
				SWIFT_VERSION = 5.0;
				TARGETED_DEVICE_FAMILY = "1,2";
				TEST_HOST = "$(BUILT_PRODUCTS_DIR)/test.app/test";
			};
			name = Debug;
		};
		C0076170275FEDE90089D536 /* Release */ = {
			isa = XCBuildConfiguration;
			buildSettings = {
				ALWAYS_EMBED_SWIFT_STANDARD_LIBRARIES = YES;
				BUNDLE_LOADER = "$(TEST_HOST)";
				CODE_SIGN_STYLE = Automatic;
				CURRENT_PROJECT_VERSION = 1;
				DEVELOPMENT_TEAM = 5U8F75G899;
				GENERATE_INFOPLIST_FILE = YES;
				IPHONEOS_DEPLOYMENT_TARGET = 15.0;
				LD_RUNPATH_SEARCH_PATHS = (
					"$(inherited)",
					"@executable_path/Frameworks",
					"@loader_path/Frameworks",
				);
				MARKETING_VERSION = 1.0;
				PRODUCT_BUNDLE_IDENTIFIER = com.JGTobares.testTests;
				PRODUCT_NAME = "$(TARGET_NAME)";
				SWIFT_EMIT_LOC_STRINGS = NO;
				SWIFT_VERSION = 5.0;
				TARGETED_DEVICE_FAMILY = "1,2";
				TEST_HOST = "$(BUILT_PRODUCTS_DIR)/test.app/test";
			};
			name = Release;
		};
		C0076172275FEDE90089D536 /* Debug */ = {
			isa = XCBuildConfiguration;
			buildSettings = {
				ALWAYS_EMBED_SWIFT_STANDARD_LIBRARIES = YES;
				CODE_SIGN_STYLE = Automatic;
				CURRENT_PROJECT_VERSION = 1;
				DEVELOPMENT_TEAM = 5U8F75G899;
				GENERATE_INFOPLIST_FILE = YES;
				LD_RUNPATH_SEARCH_PATHS = (
					"$(inherited)",
					"@executable_path/Frameworks",
					"@loader_path/Frameworks",
				);
				MARKETING_VERSION = 1.0;
				PRODUCT_BUNDLE_IDENTIFIER = com.JGTobares.testUITests;
				PRODUCT_NAME = "$(TARGET_NAME)";
				SWIFT_EMIT_LOC_STRINGS = NO;
				SWIFT_VERSION = 5.0;
				TARGETED_DEVICE_FAMILY = "1,2";
				TEST_TARGET_NAME = test;
			};
			name = Debug;
		};
		C0076173275FEDE90089D536 /* Release */ = {
			isa = XCBuildConfiguration;
			buildSettings = {
				ALWAYS_EMBED_SWIFT_STANDARD_LIBRARIES = YES;
				CODE_SIGN_STYLE = Automatic;
				CURRENT_PROJECT_VERSION = 1;
				DEVELOPMENT_TEAM = 5U8F75G899;
				GENERATE_INFOPLIST_FILE = YES;
				LD_RUNPATH_SEARCH_PATHS = (
					"$(inherited)",
					"@executable_path/Frameworks",
					"@loader_path/Frameworks",
				);
				MARKETING_VERSION = 1.0;
				PRODUCT_BUNDLE_IDENTIFIER = com.JGTobares.testUITests;
				PRODUCT_NAME = "$(TARGET_NAME)";
				SWIFT_EMIT_LOC_STRINGS = NO;
				SWIFT_VERSION = 5.0;
				TARGETED_DEVICE_FAMILY = "1,2";
				TEST_TARGET_NAME = test;
			};
			name = Release;
		};
/* End XCBuildConfiguration section */

/* Begin XCConfigurationList section */
		C0076139275FEDE20089D536 /* Build configuration list for PBXProject "test" */ = {
			isa = XCConfigurationList;
			buildConfigurations = (
				C0076169275FEDE90089D536 /* Debug */,
				C007616A275FEDE90089D536 /* Release */,
			);
			defaultConfigurationIsVisible = 0;
			defaultConfigurationName = Release;
		};
		C007616B275FEDE90089D536 /* Build configuration list for PBXNativeTarget "test" */ = {
			isa = XCConfigurationList;
			buildConfigurations = (
				C007616C275FEDE90089D536 /* Debug */,
				C007616D275FEDE90089D536 /* Release */,
			);
			defaultConfigurationIsVisible = 0;
			defaultConfigurationName = Release;
		};
		C007616E275FEDE90089D536 /* Build configuration list for PBXNativeTarget "testTests" */ = {
			isa = XCConfigurationList;
			buildConfigurations = (
				C007616F275FEDE90089D536 /* Debug */,
				C0076170275FEDE90089D536 /* Release */,
			);
			defaultConfigurationIsVisible = 0;
			defaultConfigurationName = Release;
		};
		C0076171275FEDE90089D536 /* Build configuration list for PBXNativeTarget "testUITests" */ = {
			isa = XCConfigurationList;
			buildConfigurations = (
				C0076172275FEDE90089D536 /* Debug */,
				C0076173275FEDE90089D536 /* Release */,
			);
			defaultConfigurationIsVisible = 0;
			defaultConfigurationName = Release;
		};
/* End XCConfigurationList section */

/* Begin XCVersionGroup section */
		C007614A275FEDE30089D536 /* test.xcdatamodeld */ = {
			isa = XCVersionGroup;
			children = (
				C007614B275FEDE30089D536 /* test.xcdatamodel */,
			);
			currentVersion = C007614B275FEDE30089D536 /* test.xcdatamodel */;
			path = test.xcdatamodeld;
			sourceTree = "<group>";
			versionGroupType = wrapper.xcdatamodel;
		};
/* End XCVersionGroup section */
	};
	rootObject = C0076136275FEDE20089D536 /* Project object */;
}
